
Microsoft Visual Studio Solution File, Format Version 11.00
# Visual Studio 2010
Project("{FAE04EC0-301F-11D3-BF4B-00C04F79EFBC}") = "Mine-Sweeping V0.1", "Assembly-CSharp.csproj", "{32EF5A9E-A900-E26F-3AF3-D8D2C2C6EB4E}"
EndProject
Global
	GlobalSection(SolutionConfigurationPlatforms) = preSolution
		Debug|Any CPU = Debug|Any CPU
		Release|Any CPU = Release|Any CPU
	EndGlobalSection
	GlobalSection(ProjectConfigurationPlatforms) = postSolution
		{32EF5A9E-A900-E26F-3AF3-D8D2C2C6EB4E}.Debug|Any CPU.ActiveCfg = Debug|Any CPU
		{32EF5A9E-A900-E26F-3AF3-D8D2C2C6EB4E}.Debug|Any CPU.Build.0 = Debug|Any CPU
		{32EF5A9E-A900-E26F-3AF3-D8D2C2C6EB4E}.Release|Any CPU.ActiveCfg = Release|Any CPU
		{32EF5A9E-A900-E26F-3AF3-D8D2C2C6EB4E}.Release|Any CPU.Build.0 = Release|Any CPU
	EndGlobalSection
	GlobalSection(SolutionProperties) = preSolution
		HideSolutionNode = FALSE
	EndGlobalSection
	GlobalSection(MonoDevelopProperties) = preSolution
		StartupItem = Assembly-CSharp.csproj
	EndGlobalSection
EndGlobal
