
Microsoft Visual Studio Solution File, Format Version 11.00
# Visual Studio 2010
Project("{FAE04EC0-301F-11D3-BF4B-00C04F79EFBC}") = "Sudoku V0.1", "Assembly-CSharp.csproj", "{87DE44AB-26D0-D5BE-E6D8-A2342109EE06}"
EndProject
Global
	GlobalSection(SolutionConfigurationPlatforms) = preSolution
		Debug|Any CPU = Debug|Any CPU
		Release|Any CPU = Release|Any CPU
	EndGlobalSection
	GlobalSection(ProjectConfigurationPlatforms) = postSolution
		{87DE44AB-26D0-D5BE-E6D8-A2342109EE06}.Debug|Any CPU.ActiveCfg = Debug|Any CPU
		{87DE44AB-26D0-D5BE-E6D8-A2342109EE06}.Debug|Any CPU.Build.0 = Debug|Any CPU
		{87DE44AB-26D0-D5BE-E6D8-A2342109EE06}.Release|Any CPU.ActiveCfg = Release|Any CPU
		{87DE44AB-26D0-D5BE-E6D8-A2342109EE06}.Release|Any CPU.Build.0 = Release|Any CPU
	EndGlobalSection
	GlobalSection(SolutionProperties) = preSolution
		HideSolutionNode = FALSE
	EndGlobalSection
	GlobalSection(MonoDevelopProperties) = preSolution
		StartupItem = Assembly-CSharp.csproj
	EndGlobalSection
EndGlobal
